
Microsoft Visual Studio Solution File, Format Version 12.00
# Visual Studio Version 17
VisualStudioVersion = 17.4.33122.133
MinimumVisualStudioVersion = 10.0.40219.1
Project("{FAE04EC0-301F-11D3-BF4B-00C04F79EFBC}") = "lesson_csharp", "lesson_csharp\lesson_csharp.csproj", "{3C6E8699-30BC-401C-843E-80E39D7F52EC}"
EndProject
Global
	GlobalSection(SolutionConfigurationPlatforms) = preSolution
		Debug|Any CPU = Debug|Any CPU
		Release|Any CPU = Release|Any CPU
	EndGlobalSection
	GlobalSection(ProjectConfigurationPlatforms) = postSolution
		{3C6E8699-30BC-401C-843E-80E39D7F52EC}.Debug|Any CPU.ActiveCfg = Debug|Any CPU
		{3C6E8699-30BC-401C-843E-80E39D7F52EC}.Debug|Any CPU.Build.0 = Debug|Any CPU
		{3C6E8699-30BC-401C-843E-80E39D7F52EC}.Release|Any CPU.ActiveCfg = Release|Any CPU
		{3C6E8699-30BC-401C-843E-80E39D7F52EC}.Release|Any CPU.Build.0 = Release|Any CPU
	EndGlobalSection
	GlobalSection(SolutionProperties) = preSolution
		HideSolutionNode = FALSE
	EndGlobalSection
	GlobalSection(ExtensibilityGlobals) = postSolution
		SolutionGuid = {1274C71C-C819-45B4-8EC2-F339B95F09E3}
	EndGlobalSection
EndGlobal
